
Microsoft Visual Studio Solution File, Format Version 10.00
# Visual Studio 2008
Project("{8BC9CEB8-8B4A-11D0-8D11-00A0C91BC942}") = "DAT", "DAT\DAT.vcproj", "{4E7250BD-0DD1-47AB-A7B2-F9B5599BD199}"
EndProject
Global
	GlobalSection(SolutionConfigurationPlatforms) = preSolution
		Debug|Win32 = Debug|Win32
		Release|Win32 = Release|Win32
	EndGlobalSection
	GlobalSection(ProjectConfigurationPlatforms) = postSolution
		{4E7250BD-0DD1-47AB-A7B2-F9B5599BD199}.Debug|Win32.ActiveCfg = Debug|Win32
		{4E7250BD-0DD1-47AB-A7B2-F9B5599BD199}.Debug|Win32.Build.0 = Debug|Win32
		{4E7250BD-0DD1-47AB-A7B2-F9B5599BD199}.Release|Win32.ActiveCfg = Release|Win32
		{4E7250BD-0DD1-47AB-A7B2-F9B5599BD199}.Release|Win32.Build.0 = Release|Win32
	EndGlobalSection
	GlobalSection(SolutionProperties) = preSolution
		HideSolutionNode = FALSE
	EndGlobalSection
EndGlobal
